{
    "version": 3,
    "terraform_version": "0.11.5",
    "serial": 3,
    "lineage": "b8302418-c9a7-3615-79c3-7476188060fa",
    "modules": [
        {
            "path": [
                "root"
            ],
            "outputs": {},
            "resources": {
                "azurerm_network_interface.helloterraformnic": {
                    "type": "azurerm_network_interface",
                    "depends_on": [
                        "azurerm_public_ip.helloterraformips",
                        "azurerm_resource_group.helloterraform",
                        "azurerm_subnet.helloterraformsubnet"
                    ],
                    "primary": {
                        "id": "/subscriptions/946bbd32-e826-49ce-973e-c7e51e34995c/resourceGroups/terraformtest/providers/Microsoft.Network/networkInterfaces/tfni",
                        "attributes": {
                            "applied_dns_servers.#": "0",
                            "dns_servers.#": "0",
                            "enable_accelerated_networking": "false",
                            "enable_ip_forwarding": "false",
                            "id": "/subscriptions/946bbd32-e826-49ce-973e-c7e51e34995c/resourceGroups/terraformtest/providers/Microsoft.Network/networkInterfaces/tfni",
                            "internal_dns_name_label": "",
                            "internal_fqdn": "",
                            "ip_configuration.#": "1",
                            "ip_configuration.0.application_gateway_backend_address_pools_ids.#": "0",
                            "ip_configuration.0.application_security_group_ids.#": "0",
                            "ip_configuration.0.load_balancer_backend_address_pools_ids.#": "0",
                            "ip_configuration.0.load_balancer_inbound_nat_rules_ids.#": "0",
                            "ip_configuration.0.name": "testconfiguration1",
                            "ip_configuration.0.primary": "true",
                            "ip_configuration.0.private_ip_address": "10.0.2.5",
                            "ip_configuration.0.private_ip_address_allocation": "static",
                            "ip_configuration.0.public_ip_address_id": "/subscriptions/946bbd32-e826-49ce-973e-c7e51e34995c/resourceGroups/terraformtest/providers/Microsoft.Network/publicIPAddresses/terraformtestip",
                            "ip_configuration.0.subnet_id": "/subscriptions/946bbd32-e826-49ce-973e-c7e51e34995c/resourceGroups/terraformtest/providers/Microsoft.Network/virtualNetworks/tfvn/subnets/tfsub",
                            "location": "eastus",
                            "mac_address": "",
                            "name": "tfni",
                            "network_security_group_id": "",
                            "private_ip_address": "10.0.2.5",
                            "private_ip_addresses.#": "1",
                            "private_ip_addresses.0": "10.0.2.5",
                            "resource_group_name": "terraformtest",
                            "tags.%": "0"
                        },
                        "meta": {},
                        "tainted": false
                    },
                    "deposed": [],
                    "provider": "provider.azurerm"
                },
                "azurerm_public_ip.helloterraformips": {
                    "type": "azurerm_public_ip",
                    "depends_on": [
                        "azurerm_resource_group.helloterraform"
                    ],
                    "primary": {
                        "id": "/subscriptions/946bbd32-e826-49ce-973e-c7e51e34995c/resourceGroups/terraformtest/providers/Microsoft.Network/publicIPAddresses/terraformtestip",
                        "attributes": {
                            "id": "/subscriptions/946bbd32-e826-49ce-973e-c7e51e34995c/resourceGroups/terraformtest/providers/Microsoft.Network/publicIPAddresses/terraformtestip",
                            "location": "eastus",
                            "name": "terraformtestip",
                            "public_ip_address_allocation": "dynamic",
                            "resource_group_name": "terraformtest",
                            "sku": "Basic",
                            "tags.%": "1",
                            "tags.environment": "TerraformDemo",
                            "zones.#": "0"
                        },
                        "meta": {},
                        "tainted": false
                    },
                    "deposed": [],
                    "provider": "provider.azurerm"
                },
                "azurerm_resource_group.helloterraform": {
                    "type": "azurerm_resource_group",
                    "depends_on": [],
                    "primary": {
                        "id": "/subscriptions/946bbd32-e826-49ce-973e-c7e51e34995c/resourceGroups/terraformtest",
                        "attributes": {
                            "id": "/subscriptions/946bbd32-e826-49ce-973e-c7e51e34995c/resourceGroups/terraformtest",
                            "location": "eastus",
                            "name": "terraformtest",
                            "tags.%": "0"
                        },
                        "meta": {},
                        "tainted": false
                    },
                    "deposed": [],
                    "provider": "provider.azurerm"
                },
                "azurerm_subnet.helloterraformsubnet": {
                    "type": "azurerm_subnet",
                    "depends_on": [
                        "azurerm_resource_group.helloterraform",
                        "azurerm_virtual_network.helloterraformnetwork"
                    ],
                    "primary": {
                        "id": "/subscriptions/946bbd32-e826-49ce-973e-c7e51e34995c/resourceGroups/terraformtest/providers/Microsoft.Network/virtualNetworks/tfvn/subnets/tfsub",
                        "attributes": {
                            "address_prefix": "10.0.2.0/24",
                            "id": "/subscriptions/946bbd32-e826-49ce-973e-c7e51e34995c/resourceGroups/terraformtest/providers/Microsoft.Network/virtualNetworks/tfvn/subnets/tfsub",
                            "ip_configurations.#": "0",
                            "name": "tfsub",
                            "resource_group_name": "terraformtest",
                            "service_endpoints.#": "0",
                            "virtual_network_name": "tfvn"
                        },
                        "meta": {},
                        "tainted": false
                    },
                    "deposed": [],
                    "provider": "provider.azurerm"
                },
                "azurerm_virtual_network.helloterraformnetwork": {
                    "type": "azurerm_virtual_network",
                    "depends_on": [
                        "azurerm_resource_group.helloterraform"
                    ],
                    "primary": {
                        "id": "/subscriptions/946bbd32-e826-49ce-973e-c7e51e34995c/resourceGroups/terraformtest/providers/Microsoft.Network/virtualNetworks/tfvn",
                        "attributes": {
                            "address_space.#": "1",
                            "address_space.0": "10.0.0.0/16",
                            "dns_servers.#": "0",
                            "id": "/subscriptions/946bbd32-e826-49ce-973e-c7e51e34995c/resourceGroups/terraformtest/providers/Microsoft.Network/virtualNetworks/tfvn",
                            "location": "eastus",
                            "name": "tfvn",
                            "resource_group_name": "terraformtest",
                            "subnet.#": "0",
                            "tags.%": "0"
                        },
                        "meta": {},
                        "tainted": false
                    },
                    "deposed": [],
                    "provider": "provider.azurerm"
                }
            },
            "depends_on": []
        }
    ]
}
